Microsoft Visual Studio Solution File, Format Version 10.00
# Visual Studio 2008
Project("{FAE04EC0-301F-11D3-BF4B-00C04F79EFBC}") = "EDL", "EDL.csproj", "{3FD3B10C-C6D1-40BA-B941-3F9D3D6156C5}"
EndProject
Project("{FAE04EC0-301F-11D3-BF4B-00C04F79EFBC}") = "EDLAtualizaVersao", "..\EDL AtualizaVersaoColetor\EDLAtualizaVersao.csproj", "{03DA4A87-E76A-47F4-9954-C794AF63C77F}"
EndProject
Global
	GlobalSection(SolutionConfigurationPlatforms) = preSolution
		Debug|Any CPU = Debug|Any CPU
		Release|Any CPU = Release|Any CPU
	EndGlobalSection
	GlobalSection(ProjectConfigurationPlatforms) = postSolution
		{3FD3B10C-C6D1-40BA-B941-3F9D3D6156C5}.Debug|Any CPU.ActiveCfg = Debug|Any CPU
		{3FD3B10C-C6D1-40BA-B941-3F9D3D6156C5}.Debug|Any CPU.Build.0 = Debug|Any CPU
		{3FD3B10C-C6D1-40BA-B941-3F9D3D6156C5}.Debug|Any CPU.Deploy.0 = Debug|Any CPU
		{3FD3B10C-C6D1-40BA-B941-3F9D3D6156C5}.Release|Any CPU.ActiveCfg = Release|Any CPU
		{3FD3B10C-C6D1-40BA-B941-3F9D3D6156C5}.Release|Any CPU.Build.0 = Release|Any CPU
		{3FD3B10C-C6D1-40BA-B941-3F9D3D6156C5}.Release|Any CPU.Deploy.0 = Release|Any CPU
		{03DA4A87-E76A-47F4-9954-C794AF63C77F}.Debug|Any CPU.ActiveCfg = Debug|Any CPU
		{03DA4A87-E76A-47F4-9954-C794AF63C77F}.Debug|Any CPU.Build.0 = Debug|Any CPU
		{03DA4A87-E76A-47F4-9954-C794AF63C77F}.Debug|Any CPU.Deploy.0 = Debug|Any CPU
		{03DA4A87-E76A-47F4-9954-C794AF63C77F}.Release|Any CPU.ActiveCfg = Release|Any CPU
		{03DA4A87-E76A-47F4-9954-C794AF63C77F}.Release|Any CPU.Build.0 = Release|Any CPU
		{03DA4A87-E76A-47F4-9954-C794AF63C77F}.Release|Any CPU.Deploy.0 = Release|Any CPU
	EndGlobalSection
	GlobalSection(SolutionProperties) = preSolution
		HideSolutionNode = FALSE
	EndGlobalSection
EndGlobal
